
Microsoft Visual Studio Solution File, Format Version 12.00
# Visual Studio 15
VisualStudioVersion = 15.0.27130.2036
MinimumVisualStudioVersion = 10.0.40219.1
Project("{9A19103F-16F7-4668-BE54-9A1E7A4F7556}") = "SkiEngine", "SkiEngine\SkiEngine.csproj", "{972E284F-EC65-4745-A9E0-0C51BFA75612}"
EndProject
Project("{9A19103F-16F7-4668-BE54-9A1E7A4F7556}") = "SkiEngine.Aseprite", "SkiEngine.Aseprite\SkiEngine.Aseprite.csproj", "{2E3392B3-389D-4449-844D-4C97668C47C6}"
EndProject
Project("{2150E333-8FDC-42A3-9474-1A3956D46DE8}") = "Lidgren", "Lidgren", "{9DE35E6B-956F-45AB-8651-1F3154870A2F}"
EndProject
Project("{9A19103F-16F7-4668-BE54-9A1E7A4F7556}") = "Lidgren.Network.MultiTarget", "Lidgren\Lidgren.Network.MultiTarget\Lidgren.Network.MultiTarget.csproj", "{031999E9-E0F2-400E-8E82-026D2206914E}"
EndProject
Project("{FAE04EC0-301F-11D3-BF4B-00C04F79EFBC}") = "UnitTests.MultiTarget", "Lidgren\UnitTests.MultiTarget\UnitTests.MultiTarget.csproj", "{692C5016-356C-4FB0-AD7C-4B9801D14BBB}"
EndProject
Project("{9A19103F-16F7-4668-BE54-9A1E7A4F7556}") = "SkiEngine.Networking", "SkiEngine.Networking\SkiEngine.Networking.csproj", "{5A16025D-66D5-4294-AA5E-FD640E781728}"
EndProject
Project("{9A19103F-16F7-4668-BE54-9A1E7A4F7556}") = "SkiEngine.Protobuf", "SkiEngine.Protobuf\SkiEngine.Protobuf.csproj", "{DB0E2BC6-B0F3-4F39-BA5F-A8A35FD68FBF}"
EndProject
Project("{FAE04EC0-301F-11D3-BF4B-00C04F79EFBC}") = "SkiEngine.TestApp.Android", "SkiEngine.TestApp\SkiEngine.TestApp.Android\SkiEngine.TestApp.Android.csproj", "{7C9583F8-64DB-4A67-9A8B-41C70BBBA51B}"
EndProject
Project("{FAE04EC0-301F-11D3-BF4B-00C04F79EFBC}") = "SkiEngine.TestApp.iOS", "SkiEngine.TestApp\SkiEngine.TestApp.iOS\SkiEngine.TestApp.iOS.csproj", "{FD81445F-FA85-4372-9528-A63440BFB163}"
EndProject
Project("{FAE04EC0-301F-11D3-BF4B-00C04F79EFBC}") = "SkiEngine.TestApp.UWP", "SkiEngine.TestApp\SkiEngine.TestApp.UWP\SkiEngine.TestApp.UWP.csproj", "{24D594B6-6AF4-4047-B74A-EE17EC857796}"
EndProject
Project("{9A19103F-16F7-4668-BE54-9A1E7A4F7556}") = "SkiEngine.TestApp", "SkiEngine.TestApp\SkiEngine.TestApp\SkiEngine.TestApp.csproj", "{0F81AF50-3B71-4697-AAEF-C821B5CEBEA3}"
EndProject
Project("{2150E333-8FDC-42A3-9474-1A3956D46DE8}") = "Test App", "Test App", "{564BDEB9-B245-4784-91E7-F7AFA45589DD}"
EndProject
Project("{2150E333-8FDC-42A3-9474-1A3956D46DE8}") = "Solution Items", "Solution Items", "{8AC5E64A-3023-4CD2-A373-815199AEEDBC}"
	ProjectSection(SolutionItems) = preProject
		README.md = README.md
	EndProjectSection
EndProject
Project("{FAE04EC0-301F-11D3-BF4B-00C04F79EFBC}") = "SkiEngine.Xamarin", "SkiEngine.Xamarin\SkiEngine.Xamarin.csproj", "{3D5FAC95-93FD-4295-ACF4-7F74F1BB3B4E}"
EndProject
Global
	GlobalSection(SolutionConfigurationPlatforms) = preSolution
		Ad-Hoc|Any CPU = Ad-Hoc|Any CPU
		Ad-Hoc|ARM = Ad-Hoc|ARM
		Ad-Hoc|iPhone = Ad-Hoc|iPhone
		Ad-Hoc|iPhoneSimulator = Ad-Hoc|iPhoneSimulator
		Ad-Hoc|x64 = Ad-Hoc|x64
		Ad-Hoc|x86 = Ad-Hoc|x86
		AppStore|Any CPU = AppStore|Any CPU
		AppStore|ARM = AppStore|ARM
		AppStore|iPhone = AppStore|iPhone
		AppStore|iPhoneSimulator = AppStore|iPhoneSimulator
		AppStore|x64 = AppStore|x64
		AppStore|x86 = AppStore|x86
		Debug|Any CPU = Debug|Any CPU
		Debug|ARM = Debug|ARM
		Debug|iPhone = Debug|iPhone
		Debug|iPhoneSimulator = Debug|iPhoneSimulator
		Debug|x64 = Debug|x64
		Debug|x86 = Debug|x86
		Release|Any CPU = Release|Any CPU
		Release|ARM = Release|ARM
		Release|iPhone = Release|iPhone
		Release|iPhoneSimulator = Release|iPhoneSimulator
		Release|x64 = Release|x64
		Release|x86 = Release|x86
	EndGlobalSection
	GlobalSection(ProjectConfigurationPlatforms) = postSolution
		{972E284F-EC65-4745-A9E0-0C51BFA75612}.Ad-Hoc|Any CPU.ActiveCfg = Release|Any CPU
		{972E284F-EC65-4745-A9E0-0C51BFA75612}.Ad-Hoc|Any CPU.Build.0 = Release|Any CPU
		{972E284F-EC65-4745-A9E0-0C51BFA75612}.Ad-Hoc|ARM.ActiveCfg = Release|Any CPU
		{972E284F-EC65-4745-A9E0-0C51BFA75612}.Ad-Hoc|ARM.Build.0 = Release|Any CPU
		{972E284F-EC65-4745-A9E0-0C51BFA75612}.Ad-Hoc|iPhone.ActiveCfg = Release|Any CPU
		{972E284F-EC65-4745-A9E0-0C51BFA75612}.Ad-Hoc|iPhone.Build.0 = Release|Any CPU
		{972E284F-EC65-4745-A9E0-0C51BFA75612}.Ad-Hoc|iPhoneSimulator.ActiveCfg = Release|Any CPU
		{972E284F-EC65-4745-A9E0-0C51BFA75612}.Ad-Hoc|iPhoneSimulator.Build.0 = Release|Any CPU
		{972E284F-EC65-4745-A9E0-0C51BFA75612}.Ad-Hoc|x64.ActiveCfg = Release|Any CPU
		{972E284F-EC65-4745-A9E0-0C51BFA75612}.Ad-Hoc|x64.Build.0 = Release|Any CPU
		{972E284F-EC65-4745-A9E0-0C51BFA75612}.Ad-Hoc|x86.ActiveCfg = Release|Any CPU
		{972E284F-EC65-4745-A9E0-0C51BFA75612}.Ad-Hoc|x86.Build.0 = Release|Any CPU
		{972E284F-EC65-4745-A9E0-0C51BFA75612}.AppStore|Any CPU.ActiveCfg = Release|Any CPU
		{972E284F-EC65-4745-A9E0-0C51BFA75612}.AppStore|Any CPU.Build.0 = Release|Any CPU
		{972E284F-EC65-4745-A9E0-0C51BFA75612}.AppStore|ARM.ActiveCfg = Release|Any CPU
		{972E284F-EC65-4745-A9E0-0C51BFA75612}.AppStore|ARM.Build.0 = Release|Any CPU
		{972E284F-EC65-4745-A9E0-0C51BFA75612}.AppStore|iPhone.ActiveCfg = Release|Any CPU
		{972E284F-EC65-4745-A9E0-0C51BFA75612}.AppStore|iPhone.Build.0 = Release|Any CPU
		{972E284F-EC65-4745-A9E0-0C51BFA75612}.AppStore|iPhoneSimulator.ActiveCfg = Release|Any CPU
		{972E284F-EC65-4745-A9E0-0C51BFA75612}.AppStore|iPhoneSimulator.Build.0 = Release|Any CPU
		{972E284F-EC65-4745-A9E0-0C51BFA75612}.AppStore|x64.ActiveCfg = Release|Any CPU
		{972E284F-EC65-4745-A9E0-0C51BFA75612}.AppStore|x64.Build.0 = Release|Any CPU
		{972E284F-EC65-4745-A9E0-0C51BFA75612}.AppStore|x86.ActiveCfg = Release|Any CPU
		{972E284F-EC65-4745-A9E0-0C51BFA75612}.AppStore|x86.Build.0 = Release|Any CPU
		{972E284F-EC65-4745-A9E0-0C51BFA75612}.Debug|Any CPU.ActiveCfg = Debug|Any CPU
		{972E284F-EC65-4745-A9E0-0C51BFA75612}.Debug|Any CPU.Build.0 = Debug|Any CPU
		{972E284F-EC65-4745-A9E0-0C51BFA75612}.Debug|ARM.ActiveCfg = Debug|Any CPU
		{972E284F-EC65-4745-A9E0-0C51BFA75612}.Debug|ARM.Build.0 = Debug|Any CPU
		{972E284F-EC65-4745-A9E0-0C51BFA75612}.Debug|iPhone.ActiveCfg = Debug|Any CPU
		{972E284F-EC65-4745-A9E0-0C51BFA75612}.Debug|iPhone.Build.0 = Debug|Any CPU
		{972E284F-EC65-4745-A9E0-0C51BFA75612}.Debug|iPhoneSimulator.ActiveCfg = Debug|Any CPU
		{972E284F-EC65-4745-A9E0-0C51BFA75612}.Debug|iPhoneSimulator.Build.0 = Debug|Any CPU
		{972E284F-EC65-4745-A9E0-0C51BFA75612}.Debug|x64.ActiveCfg = Debug|Any CPU
		{972E284F-EC65-4745-A9E0-0C51BFA75612}.Debug|x64.Build.0 = Debug|Any CPU
		{972E284F-EC65-4745-A9E0-0C51BFA75612}.Debug|x86.ActiveCfg = Debug|Any CPU
		{972E284F-EC65-4745-A9E0-0C51BFA75612}.Debug|x86.Build.0 = Debug|Any CPU
		{972E284F-EC65-4745-A9E0-0C51BFA75612}.Release|Any CPU.ActiveCfg = Release|Any CPU
		{972E284F-EC65-4745-A9E0-0C51BFA75612}.Release|Any CPU.Build.0 = Release|Any CPU
		{972E284F-EC65-4745-A9E0-0C51BFA75612}.Release|ARM.ActiveCfg = Release|Any CPU
		{972E284F-EC65-4745-A9E0-0C51BFA75612}.Release|ARM.Build.0 = Release|Any CPU
		{972E284F-EC65-4745-A9E0-0C51BFA75612}.Release|iPhone.ActiveCfg = Release|Any CPU
		{972E284F-EC65-4745-A9E0-0C51BFA75612}.Release|iPhone.Build.0 = Release|Any CPU
		{972E284F-EC65-4745-A9E0-0C51BFA75612}.Release|iPhoneSimulator.ActiveCfg = Release|Any CPU
		{972E284F-EC65-4745-A9E0-0C51BFA75612}.Release|iPhoneSimulator.Build.0 = Release|Any CPU
		{972E284F-EC65-4745-A9E0-0C51BFA75612}.Release|x64.ActiveCfg = Release|Any CPU
		{972E284F-EC65-4745-A9E0-0C51BFA75612}.Release|x64.Build.0 = Release|Any CPU
		{972E284F-EC65-4745-A9E0-0C51BFA75612}.Release|x86.ActiveCfg = Release|Any CPU
		{972E284F-EC65-4745-A9E0-0C51BFA75612}.Release|x86.Build.0 = Release|Any CPU
		{2E3392B3-389D-4449-844D-4C97668C47C6}.Ad-Hoc|Any CPU.ActiveCfg = Release|Any CPU
		{2E3392B3-389D-4449-844D-4C97668C47C6}.Ad-Hoc|Any CPU.Build.0 = Release|Any CPU
		{2E3392B3-389D-4449-844D-4C97668C47C6}.Ad-Hoc|ARM.ActiveCfg = Release|Any CPU
		{2E3392B3-389D-4449-844D-4C97668C47C6}.Ad-Hoc|ARM.Build.0 = Release|Any CPU
		{2E3392B3-389D-4449-844D-4C97668C47C6}.Ad-Hoc|iPhone.ActiveCfg = Release|Any CPU
		{2E3392B3-389D-4449-844D-4C97668C47C6}.Ad-Hoc|iPhone.Build.0 = Release|Any CPU
		{2E3392B3-389D-4449-844D-4C97668C47C6}.Ad-Hoc|iPhoneSimulator.ActiveCfg = Release|Any CPU
		{2E3392B3-389D-4449-844D-4C97668C47C6}.Ad-Hoc|iPhoneSimulator.Build.0 = Release|Any CPU
		{2E3392B3-389D-4449-844D-4C97668C47C6}.Ad-Hoc|x64.ActiveCfg = Release|Any CPU
		{2E3392B3-389D-4449-844D-4C97668C47C6}.Ad-Hoc|x64.Build.0 = Release|Any CPU
		{2E3392B3-389D-4449-844D-4C97668C47C6}.Ad-Hoc|x86.ActiveCfg = Release|Any CPU
		{2E3392B3-389D-4449-844D-4C97668C47C6}.Ad-Hoc|x86.Build.0 = Release|Any CPU
		{2E3392B3-389D-4449-844D-4C97668C47C6}.AppStore|Any CPU.ActiveCfg = Release|Any CPU
		{2E3392B3-389D-4449-844D-4C97668C47C6}.AppStore|Any CPU.Build.0 = Release|Any CPU
		{2E3392B3-389D-4449-844D-4C97668C47C6}.AppStore|ARM.ActiveCfg = Release|Any CPU
		{2E3392B3-389D-4449-844D-4C97668C47C6}.AppStore|ARM.Build.0 = Release|Any CPU
		{2E3392B3-389D-4449-844D-4C97668C47C6}.AppStore|iPhone.ActiveCfg = Release|Any CPU
		{2E3392B3-389D-4449-844D-4C97668C47C6}.AppStore|iPhone.Build.0 = Release|Any CPU
		{2E3392B3-389D-4449-844D-4C97668C47C6}.AppStore|iPhoneSimulator.ActiveCfg = Release|Any CPU
		{2E3392B3-389D-4449-844D-4C97668C47C6}.AppStore|iPhoneSimulator.Build.0 = Release|Any CPU
		{2E3392B3-389D-4449-844D-4C97668C47C6}.AppStore|x64.ActiveCfg = Release|Any CPU
		{2E3392B3-389D-4449-844D-4C97668C47C6}.AppStore|x64.Build.0 = Release|Any CPU
		{2E3392B3-389D-4449-844D-4C97668C47C6}.AppStore|x86.ActiveCfg = Release|Any CPU
		{2E3392B3-389D-4449-844D-4C97668C47C6}.AppStore|x86.Build.0 = Release|Any CPU
		{2E3392B3-389D-4449-844D-4C97668C47C6}.Debug|Any CPU.ActiveCfg = Debug|Any CPU
		{2E3392B3-389D-4449-844D-4C97668C47C6}.Debug|Any CPU.Build.0 = Debug|Any CPU
		{2E3392B3-389D-4449-844D-4C97668C47C6}.Debug|ARM.ActiveCfg = Debug|Any CPU
		{2E3392B3-389D-4449-844D-4C97668C47C6}.Debug|ARM.Build.0 = Debug|Any CPU
		{2E3392B3-389D-4449-844D-4C97668C47C6}.Debug|iPhone.ActiveCfg = Debug|Any CPU
		{2E3392B3-389D-4449-844D-4C97668C47C6}.Debug|iPhone.Build.0 = Debug|Any CPU
		{2E3392B3-389D-4449-844D-4C97668C47C6}.Debug|iPhoneSimulator.ActiveCfg = Debug|Any CPU
		{2E3392B3-389D-4449-844D-4C97668C47C6}.Debug|iPhoneSimulator.Build.0 = Debug|Any CPU
		{2E3392B3-389D-4449-844D-4C97668C47C6}.Debug|x64.ActiveCfg = Debug|Any CPU
		{2E3392B3-389D-4449-844D-4C97668C47C6}.Debug|x64.Build.0 = Debug|Any CPU
		{2E3392B3-389D-4449-844D-4C97668C47C6}.Debug|x86.ActiveCfg = Debug|Any CPU
		{2E3392B3-389D-4449-844D-4C97668C47C6}.Debug|x86.Build.0 = Debug|Any CPU
		{2E3392B3-389D-4449-844D-4C97668C47C6}.Release|Any CPU.ActiveCfg = Release|Any CPU
		{2E3392B3-389D-4449-844D-4C97668C47C6}.Release|Any CPU.Build.0 = Release|Any CPU
		{2E3392B3-389D-4449-844D-4C97668C47C6}.Release|ARM.ActiveCfg = Release|Any CPU
		{2E3392B3-389D-4449-844D-4C97668C47C6}.Release|ARM.Build.0 = Release|Any CPU
		{2E3392B3-389D-4449-844D-4C97668C47C6}.Release|iPhone.ActiveCfg = Release|Any CPU
		{2E3392B3-389D-4449-844D-4C97668C47C6}.Release|iPhone.Build.0 = Release|Any CPU
		{2E3392B3-389D-4449-844D-4C97668C47C6}.Release|iPhoneSimulator.ActiveCfg = Release|Any CPU
		{2E3392B3-389D-4449-844D-4C97668C47C6}.Release|iPhoneSimulator.Build.0 = Release|Any CPU
		{2E3392B3-389D-4449-844D-4C97668C47C6}.Release|x64.ActiveCfg = Release|Any CPU
		{2E3392B3-389D-4449-844D-4C97668C47C6}.Release|x64.Build.0 = Release|Any CPU
		{2E3392B3-389D-4449-844D-4C97668C47C6}.Release|x86.ActiveCfg = Release|Any CPU
		{2E3392B3-389D-4449-844D-4C97668C47C6}.Release|x86.Build.0 = Release|Any CPU
		{031999E9-E0F2-400E-8E82-026D2206914E}.Ad-Hoc|Any CPU.ActiveCfg = Release|Any CPU
		{031999E9-E0F2-400E-8E82-026D2206914E}.Ad-Hoc|Any CPU.Build.0 = Release|Any CPU
		{031999E9-E0F2-400E-8E82-026D2206914E}.Ad-Hoc|ARM.ActiveCfg = Release|Any CPU
		{031999E9-E0F2-400E-8E82-026D2206914E}.Ad-Hoc|ARM.Build.0 = Release|Any CPU
		{031999E9-E0F2-400E-8E82-026D2206914E}.Ad-Hoc|iPhone.ActiveCfg = Release|Any CPU
		{031999E9-E0F2-400E-8E82-026D2206914E}.Ad-Hoc|iPhone.Build.0 = Release|Any CPU
		{031999E9-E0F2-400E-8E82-026D2206914E}.Ad-Hoc|iPhoneSimulator.ActiveCfg = Release|Any CPU
		{031999E9-E0F2-400E-8E82-026D2206914E}.Ad-Hoc|iPhoneSimulator.Build.0 = Release|Any CPU
		{031999E9-E0F2-400E-8E82-026D2206914E}.Ad-Hoc|x64.ActiveCfg = Release|Any CPU
		{031999E9-E0F2-400E-8E82-026D2206914E}.Ad-Hoc|x64.Build.0 = Release|Any CPU
		{031999E9-E0F2-400E-8E82-026D2206914E}.Ad-Hoc|x86.ActiveCfg = Release|Any CPU
		{031999E9-E0F2-400E-8E82-026D2206914E}.Ad-Hoc|x86.Build.0 = Release|Any CPU
		{031999E9-E0F2-400E-8E82-026D2206914E}.AppStore|Any CPU.ActiveCfg = Release|Any CPU
		{031999E9-E0F2-400E-8E82-026D2206914E}.AppStore|Any CPU.Build.0 = Release|Any CPU
		{031999E9-E0F2-400E-8E82-026D2206914E}.AppStore|ARM.ActiveCfg = Release|Any CPU
		{031999E9-E0F2-400E-8E82-026D2206914E}.AppStore|ARM.Build.0 = Release|Any CPU
		{031999E9-E0F2-400E-8E82-026D2206914E}.AppStore|iPhone.ActiveCfg = Release|Any CPU
		{031999E9-E0F2-400E-8E82-026D2206914E}.AppStore|iPhone.Build.0 = Release|Any CPU
		{031999E9-E0F2-400E-8E82-026D2206914E}.AppStore|iPhoneSimulator.ActiveCfg = Release|Any CPU
		{031999E9-E0F2-400E-8E82-026D2206914E}.AppStore|iPhoneSimulator.Build.0 = Release|Any CPU
		{031999E9-E0F2-400E-8E82-026D2206914E}.AppStore|x64.ActiveCfg = Release|Any CPU
		{031999E9-E0F2-400E-8E82-026D2206914E}.AppStore|x64.Build.0 = Release|Any CPU
		{031999E9-E0F2-400E-8E82-026D2206914E}.AppStore|x86.ActiveCfg = Release|Any CPU
		{031999E9-E0F2-400E-8E82-026D2206914E}.AppStore|x86.Build.0 = Release|Any CPU
		{031999E9-E0F2-400E-8E82-026D2206914E}.Debug|Any CPU.ActiveCfg = Debug|Any CPU
		{031999E9-E0F2-400E-8E82-026D2206914E}.Debug|Any CPU.Build.0 = Debug|Any CPU
		{031999E9-E0F2-400E-8E82-026D2206914E}.Debug|ARM.ActiveCfg = Debug|Any CPU
		{031999E9-E0F2-400E-8E82-026D2206914E}.Debug|ARM.Build.0 = Debug|Any CPU
		{031999E9-E0F2-400E-8E82-026D2206914E}.Debug|iPhone.ActiveCfg = Debug|Any CPU
		{031999E9-E0F2-400E-8E82-026D2206914E}.Debug|iPhone.Build.0 = Debug|Any CPU
		{031999E9-E0F2-400E-8E82-026D2206914E}.Debug|iPhoneSimulator.ActiveCfg = Debug|Any CPU
		{031999E9-E0F2-400E-8E82-026D2206914E}.Debug|iPhoneSimulator.Build.0 = Debug|Any CPU
		{031999E9-E0F2-400E-8E82-026D2206914E}.Debug|x64.ActiveCfg = Debug|Any CPU
		{031999E9-E0F2-400E-8E82-026D2206914E}.Debug|x64.Build.0 = Debug|Any CPU
		{031999E9-E0F2-400E-8E82-026D2206914E}.Debug|x86.ActiveCfg = Debug|Any CPU
		{031999E9-E0F2-400E-8E82-026D2206914E}.Debug|x86.Build.0 = Debug|Any CPU
		{031999E9-E0F2-400E-8E82-026D2206914E}.Release|Any CPU.ActiveCfg = Release|Any CPU
		{031999E9-E0F2-400E-8E82-026D2206914E}.Release|Any CPU.Build.0 = Release|Any CPU
		{031999E9-E0F2-400E-8E82-026D2206914E}.Release|ARM.ActiveCfg = Release|Any CPU
		{031999E9-E0F2-400E-8E82-026D2206914E}.Release|ARM.Build.0 = Release|Any CPU
		{031999E9-E0F2-400E-8E82-026D2206914E}.Release|iPhone.ActiveCfg = Release|Any CPU
		{031999E9-E0F2-400E-8E82-026D2206914E}.Release|iPhone.Build.0 = Release|Any CPU
		{031999E9-E0F2-400E-8E82-026D2206914E}.Release|iPhoneSimulator.ActiveCfg = Release|Any CPU
		{031999E9-E0F2-400E-8E82-026D2206914E}.Release|iPhoneSimulator.Build.0 = Release|Any CPU
		{031999E9-E0F2-400E-8E82-026D2206914E}.Release|x64.ActiveCfg = Release|Any CPU
		{031999E9-E0F2-400E-8E82-026D2206914E}.Release|x64.Build.0 = Release|Any CPU
		{031999E9-E0F2-400E-8E82-026D2206914E}.Release|x86.ActiveCfg = Release|Any CPU
		{031999E9-E0F2-400E-8E82-026D2206914E}.Release|x86.Build.0 = Release|Any CPU
		{692C5016-356C-4FB0-AD7C-4B9801D14BBB}.Ad-Hoc|Any CPU.ActiveCfg = Release|Any CPU
		{692C5016-356C-4FB0-AD7C-4B9801D14BBB}.Ad-Hoc|Any CPU.Build.0 = Release|Any CPU
		{692C5016-356C-4FB0-AD7C-4B9801D14BBB}.Ad-Hoc|ARM.ActiveCfg = Release|Any CPU
		{692C5016-356C-4FB0-AD7C-4B9801D14BBB}.Ad-Hoc|ARM.Build.0 = Release|Any CPU
		{692C5016-356C-4FB0-AD7C-4B9801D14BBB}.Ad-Hoc|iPhone.ActiveCfg = Release|Any CPU
		{692C5016-356C-4FB0-AD7C-4B9801D14BBB}.Ad-Hoc|iPhone.Build.0 = Release|Any CPU
		{692C5016-356C-4FB0-AD7C-4B9801D14BBB}.Ad-Hoc|iPhoneSimulator.ActiveCfg = Release|Any CPU
		{692C5016-356C-4FB0-AD7C-4B9801D14BBB}.Ad-Hoc|iPhoneSimulator.Build.0 = Release|Any CPU
		{692C5016-356C-4FB0-AD7C-4B9801D14BBB}.Ad-Hoc|x64.ActiveCfg = Release|Any CPU
		{692C5016-356C-4FB0-AD7C-4B9801D14BBB}.Ad-Hoc|x64.Build.0 = Release|Any CPU
		{692C5016-356C-4FB0-AD7C-4B9801D14BBB}.Ad-Hoc|x86.ActiveCfg = Release|Any CPU
		{692C5016-356C-4FB0-AD7C-4B9801D14BBB}.Ad-Hoc|x86.Build.0 = Release|Any CPU
		{692C5016-356C-4FB0-AD7C-4B9801D14BBB}.AppStore|Any CPU.ActiveCfg = Release|Any CPU
		{692C5016-356C-4FB0-AD7C-4B9801D14BBB}.AppStore|Any CPU.Build.0 = Release|Any CPU
		{692C5016-356C-4FB0-AD7C-4B9801D14BBB}.AppStore|ARM.ActiveCfg = Release|Any CPU
		{692C5016-356C-4FB0-AD7C-4B9801D14BBB}.AppStore|ARM.Build.0 = Release|Any CPU
		{692C5016-356C-4FB0-AD7C-4B9801D14BBB}.AppStore|iPhone.ActiveCfg = Release|Any CPU
		{692C5016-356C-4FB0-AD7C-4B9801D14BBB}.AppStore|iPhone.Build.0 = Release|Any CPU
		{692C5016-356C-4FB0-AD7C-4B9801D14BBB}.AppStore|iPhoneSimulator.ActiveCfg = Release|Any CPU
		{692C5016-356C-4FB0-AD7C-4B9801D14BBB}.AppStore|iPhoneSimulator.Build.0 = Release|Any CPU
		{692C5016-356C-4FB0-AD7C-4B9801D14BBB}.AppStore|x64.ActiveCfg = Release|Any CPU
		{692C5016-356C-4FB0-AD7C-4B9801D14BBB}.AppStore|x64.Build.0 = Release|Any CPU
		{692C5016-356C-4FB0-AD7C-4B9801D14BBB}.AppStore|x86.ActiveCfg = Release|Any CPU
		{692C5016-356C-4FB0-AD7C-4B9801D14BBB}.AppStore|x86.Build.0 = Release|Any CPU
		{692C5016-356C-4FB0-AD7C-4B9801D14BBB}.Debug|Any CPU.ActiveCfg = Debug|Any CPU
		{692C5016-356C-4FB0-AD7C-4B9801D14BBB}.Debug|Any CPU.Build.0 = Debug|Any CPU
		{692C5016-356C-4FB0-AD7C-4B9801D14BBB}.Debug|ARM.ActiveCfg = Debug|Any CPU
		{692C5016-356C-4FB0-AD7C-4B9801D14BBB}.Debug|ARM.Build.0 = Debug|Any CPU
		{692C5016-356C-4FB0-AD7C-4B9801D14BBB}.Debug|iPhone.ActiveCfg = Debug|Any CPU
		{692C5016-356C-4FB0-AD7C-4B9801D14BBB}.Debug|iPhone.Build.0 = Debug|Any CPU
		{692C5016-356C-4FB0-AD7C-4B9801D14BBB}.Debug|iPhoneSimulator.ActiveCfg = Debug|Any CPU
		{692C5016-356C-4FB0-AD7C-4B9801D14BBB}.Debug|iPhoneSimulator.Build.0 = Debug|Any CPU
		{692C5016-356C-4FB0-AD7C-4B9801D14BBB}.Debug|x64.ActiveCfg = Debug|Any CPU
		{692C5016-356C-4FB0-AD7C-4B9801D14BBB}.Debug|x64.Build.0 = Debug|Any CPU
		{692C5016-356C-4FB0-AD7C-4B9801D14BBB}.Debug|x86.ActiveCfg = Debug|Any CPU
		{692C5016-356C-4FB0-AD7C-4B9801D14BBB}.Debug|x86.Build.0 = Debug|Any CPU
		{692C5016-356C-4FB0-AD7C-4B9801D14BBB}.Release|Any CPU.ActiveCfg = Release|Any CPU
		{692C5016-356C-4FB0-AD7C-4B9801D14BBB}.Release|Any CPU.Build.0 = Release|Any CPU
		{692C5016-356C-4FB0-AD7C-4B9801D14BBB}.Release|ARM.ActiveCfg = Release|Any CPU
		{692C5016-356C-4FB0-AD7C-4B9801D14BBB}.Release|ARM.Build.0 = Release|Any CPU
		{692C5016-356C-4FB0-AD7C-4B9801D14BBB}.Release|iPhone.ActiveCfg = Release|Any CPU
		{692C5016-356C-4FB0-AD7C-4B9801D14BBB}.Release|iPhone.Build.0 = Release|Any CPU
		{692C5016-356C-4FB0-AD7C-4B9801D14BBB}.Release|iPhoneSimulator.ActiveCfg = Release|Any CPU
		{692C5016-356C-4FB0-AD7C-4B9801D14BBB}.Release|iPhoneSimulator.Build.0 = Release|Any CPU
		{692C5016-356C-4FB0-AD7C-4B9801D14BBB}.Release|x64.ActiveCfg = Release|Any CPU
		{692C5016-356C-4FB0-AD7C-4B9801D14BBB}.Release|x64.Build.0 = Release|Any CPU
		{692C5016-356C-4FB0-AD7C-4B9801D14BBB}.Release|x86.ActiveCfg = Release|Any CPU
		{692C5016-356C-4FB0-AD7C-4B9801D14BBB}.Release|x86.Build.0 = Release|Any CPU
		{5A16025D-66D5-4294-AA5E-FD640E781728}.Ad-Hoc|Any CPU.ActiveCfg = Release|Any CPU
		{5A16025D-66D5-4294-AA5E-FD640E781728}.Ad-Hoc|Any CPU.Build.0 = Release|Any CPU
		{5A16025D-66D5-4294-AA5E-FD640E781728}.Ad-Hoc|ARM.ActiveCfg = Release|Any CPU
		{5A16025D-66D5-4294-AA5E-FD640E781728}.Ad-Hoc|ARM.Build.0 = Release|Any CPU
		{5A16025D-66D5-4294-AA5E-FD640E781728}.Ad-Hoc|iPhone.ActiveCfg = Release|Any CPU
		{5A16025D-66D5-4294-AA5E-FD640E781728}.Ad-Hoc|iPhone.Build.0 = Release|Any CPU
		{5A16025D-66D5-4294-AA5E-FD640E781728}.Ad-Hoc|iPhoneSimulator.ActiveCfg = Release|Any CPU
		{5A16025D-66D5-4294-AA5E-FD640E781728}.Ad-Hoc|iPhoneSimulator.Build.0 = Release|Any CPU
		{5A16025D-66D5-4294-AA5E-FD640E781728}.Ad-Hoc|x64.ActiveCfg = Release|Any CPU
		{5A16025D-66D5-4294-AA5E-FD640E781728}.Ad-Hoc|x64.Build.0 = Release|Any CPU
		{5A16025D-66D5-4294-AA5E-FD640E781728}.Ad-Hoc|x86.ActiveCfg = Release|Any CPU
		{5A16025D-66D5-4294-AA5E-FD640E781728}.Ad-Hoc|x86.Build.0 = Release|Any CPU
		{5A16025D-66D5-4294-AA5E-FD640E781728}.AppStore|Any CPU.ActiveCfg = Release|Any CPU
		{5A16025D-66D5-4294-AA5E-FD640E781728}.AppStore|Any CPU.Build.0 = Release|Any CPU
		{5A16025D-66D5-4294-AA5E-FD640E781728}.AppStore|ARM.ActiveCfg = Release|Any CPU
		{5A16025D-66D5-4294-AA5E-FD640E781728}.AppStore|ARM.Build.0 = Release|Any CPU
		{5A16025D-66D5-4294-AA5E-FD640E781728}.AppStore|iPhone.ActiveCfg = Release|Any CPU
		{5A16025D-66D5-4294-AA5E-FD640E781728}.AppStore|iPhone.Build.0 = Release|Any CPU
		{5A16025D-66D5-4294-AA5E-FD640E781728}.AppStore|iPhoneSimulator.ActiveCfg = Release|Any CPU
		{5A16025D-66D5-4294-AA5E-FD640E781728}.AppStore|iPhoneSimulator.Build.0 = Release|Any CPU
		{5A16025D-66D5-4294-AA5E-FD640E781728}.AppStore|x64.ActiveCfg = Release|Any CPU
		{5A16025D-66D5-4294-AA5E-FD640E781728}.AppStore|x64.Build.0 = Release|Any CPU
		{5A16025D-66D5-4294-AA5E-FD640E781728}.AppStore|x86.ActiveCfg = Release|Any CPU
		{5A16025D-66D5-4294-AA5E-FD640E781728}.AppStore|x86.Build.0 = Release|Any CPU
		{5A16025D-66D5-4294-AA5E-FD640E781728}.Debug|Any CPU.ActiveCfg = Debug|Any CPU
		{5A16025D-66D5-4294-AA5E-FD640E781728}.Debug|Any CPU.Build.0 = Debug|Any CPU
		{5A16025D-66D5-4294-AA5E-FD640E781728}.Debug|ARM.ActiveCfg = Debug|Any CPU
		{5A16025D-66D5-4294-AA5E-FD640E781728}.Debug|ARM.Build.0 = Debug|Any CPU
		{5A16025D-66D5-4294-AA5E-FD640E781728}.Debug|iPhone.ActiveCfg = Debug|Any CPU
		{5A16025D-66D5-4294-AA5E-FD640E781728}.Debug|iPhone.Build.0 = Debug|Any CPU
		{5A16025D-66D5-4294-AA5E-FD640E781728}.Debug|iPhoneSimulator.ActiveCfg = Debug|Any CPU
		{5A16025D-66D5-4294-AA5E-FD640E781728}.Debug|iPhoneSimulator.Build.0 = Debug|Any CPU
		{5A16025D-66D5-4294-AA5E-FD640E781728}.Debug|x64.ActiveCfg = Debug|Any CPU
		{5A16025D-66D5-4294-AA5E-FD640E781728}.Debug|x64.Build.0 = Debug|Any CPU
		{5A16025D-66D5-4294-AA5E-FD640E781728}.Debug|x86.ActiveCfg = Debug|Any CPU
		{5A16025D-66D5-4294-AA5E-FD640E781728}.Debug|x86.Build.0 = Debug|Any CPU
		{5A16025D-66D5-4294-AA5E-FD640E781728}.Release|Any CPU.ActiveCfg = Release|Any CPU
		{5A16025D-66D5-4294-AA5E-FD640E781728}.Release|Any CPU.Build.0 = Release|Any CPU
		{5A16025D-66D5-4294-AA5E-FD640E781728}.Release|ARM.ActiveCfg = Release|Any CPU
		{5A16025D-66D5-4294-AA5E-FD640E781728}.Release|ARM.Build.0 = Release|Any CPU
		{5A16025D-66D5-4294-AA5E-FD640E781728}.Release|iPhone.ActiveCfg = Release|Any CPU
		{5A16025D-66D5-4294-AA5E-FD640E781728}.Release|iPhone.Build.0 = Release|Any CPU
		{5A16025D-66D5-4294-AA5E-FD640E781728}.Release|iPhoneSimulator.ActiveCfg = Release|Any CPU
		{5A16025D-66D5-4294-AA5E-FD640E781728}.Release|iPhoneSimulator.Build.0 = Release|Any CPU
		{5A16025D-66D5-4294-AA5E-FD640E781728}.Release|x64.ActiveCfg = Release|Any CPU
		{5A16025D-66D5-4294-AA5E-FD640E781728}.Release|x64.Build.0 = Release|Any CPU
		{5A16025D-66D5-4294-AA5E-FD640E781728}.Release|x86.ActiveCfg = Release|Any CPU
		{5A16025D-66D5-4294-AA5E-FD640E781728}.Release|x86.Build.0 = Release|Any CPU
		{DB0E2BC6-B0F3-4F39-BA5F-A8A35FD68FBF}.Ad-Hoc|Any CPU.ActiveCfg = Release|Any CPU
		{DB0E2BC6-B0F3-4F39-BA5F-A8A35FD68FBF}.Ad-Hoc|Any CPU.Build.0 = Release|Any CPU
		{DB0E2BC6-B0F3-4F39-BA5F-A8A35FD68FBF}.Ad-Hoc|ARM.ActiveCfg = Release|Any CPU
		{DB0E2BC6-B0F3-4F39-BA5F-A8A35FD68FBF}.Ad-Hoc|ARM.Build.0 = Release|Any CPU
		{DB0E2BC6-B0F3-4F39-BA5F-A8A35FD68FBF}.Ad-Hoc|iPhone.ActiveCfg = Release|Any CPU
		{DB0E2BC6-B0F3-4F39-BA5F-A8A35FD68FBF}.Ad-Hoc|iPhone.Build.0 = Release|Any CPU
		{DB0E2BC6-B0F3-4F39-BA5F-A8A35FD68FBF}.Ad-Hoc|iPhoneSimulator.ActiveCfg = Release|Any CPU
		{DB0E2BC6-B0F3-4F39-BA5F-A8A35FD68FBF}.Ad-Hoc|iPhoneSimulator.Build.0 = Release|Any CPU
		{DB0E2BC6-B0F3-4F39-BA5F-A8A35FD68FBF}.Ad-Hoc|x64.ActiveCfg = Release|Any CPU
		{DB0E2BC6-B0F3-4F39-BA5F-A8A35FD68FBF}.Ad-Hoc|x64.Build.0 = Release|Any CPU
		{DB0E2BC6-B0F3-4F39-BA5F-A8A35FD68FBF}.Ad-Hoc|x86.ActiveCfg = Release|Any CPU
		{DB0E2BC6-B0F3-4F39-BA5F-A8A35FD68FBF}.Ad-Hoc|x86.Build.0 = Release|Any CPU
		{DB0E2BC6-B0F3-4F39-BA5F-A8A35FD68FBF}.AppStore|Any CPU.ActiveCfg = Release|Any CPU
		{DB0E2BC6-B0F3-4F39-BA5F-A8A35FD68FBF}.AppStore|Any CPU.Build.0 = Release|Any CPU
		{DB0E2BC6-B0F3-4F39-BA5F-A8A35FD68FBF}.AppStore|ARM.ActiveCfg = Release|Any CPU
		{DB0E2BC6-B0F3-4F39-BA5F-A8A35FD68FBF}.AppStore|ARM.Build.0 = Release|Any CPU
		{DB0E2BC6-B0F3-4F39-BA5F-A8A35FD68FBF}.AppStore|iPhone.ActiveCfg = Release|Any CPU
		{DB0E2BC6-B0F3-4F39-BA5F-A8A35FD68FBF}.AppStore|iPhone.Build.0 = Release|Any CPU
		{DB0E2BC6-B0F3-4F39-BA5F-A8A35FD68FBF}.AppStore|iPhoneSimulator.ActiveCfg = Release|Any CPU
		{DB0E2BC6-B0F3-4F39-BA5F-A8A35FD68FBF}.AppStore|iPhoneSimulator.Build.0 = Release|Any CPU
		{DB0E2BC6-B0F3-4F39-BA5F-A8A35FD68FBF}.AppStore|x64.ActiveCfg = Release|Any CPU
		{DB0E2BC6-B0F3-4F39-BA5F-A8A35FD68FBF}.AppStore|x64.Build.0 = Release|Any CPU
		{DB0E2BC6-B0F3-4F39-BA5F-A8A35FD68FBF}.AppStore|x86.ActiveCfg = Release|Any CPU
		{DB0E2BC6-B0F3-4F39-BA5F-A8A35FD68FBF}.AppStore|x86.Build.0 = Release|Any CPU
		{DB0E2BC6-B0F3-4F39-BA5F-A8A35FD68FBF}.Debug|Any CPU.ActiveCfg = Debug|Any CPU
		{DB0E2BC6-B0F3-4F39-BA5F-A8A35FD68FBF}.Debug|Any CPU.Build.0 = Debug|Any CPU
		{DB0E2BC6-B0F3-4F39-BA5F-A8A35FD68FBF}.Debug|ARM.ActiveCfg = Debug|Any CPU
		{DB0E2BC6-B0F3-4F39-BA5F-A8A35FD68FBF}.Debug|ARM.Build.0 = Debug|Any CPU
		{DB0E2BC6-B0F3-4F39-BA5F-A8A35FD68FBF}.Debug|iPhone.ActiveCfg = Debug|Any CPU
		{DB0E2BC6-B0F3-4F39-BA5F-A8A35FD68FBF}.Debug|iPhone.Build.0 = Debug|Any CPU
		{DB0E2BC6-B0F3-4F39-BA5F-A8A35FD68FBF}.Debug|iPhoneSimulator.ActiveCfg = Debug|Any CPU
		{DB0E2BC6-B0F3-4F39-BA5F-A8A35FD68FBF}.Debug|iPhoneSimulator.Build.0 = Debug|Any CPU
		{DB0E2BC6-B0F3-4F39-BA5F-A8A35FD68FBF}.Debug|x64.ActiveCfg = Debug|Any CPU
		{DB0E2BC6-B0F3-4F39-BA5F-A8A35FD68FBF}.Debug|x64.Build.0 = Debug|Any CPU
		{DB0E2BC6-B0F3-4F39-BA5F-A8A35FD68FBF}.Debug|x86.ActiveCfg = Debug|Any CPU
		{DB0E2BC6-B0F3-4F39-BA5F-A8A35FD68FBF}.Debug|x86.Build.0 = Debug|Any CPU
		{DB0E2BC6-B0F3-4F39-BA5F-A8A35FD68FBF}.Release|Any CPU.ActiveCfg = Release|Any CPU
		{DB0E2BC6-B0F3-4F39-BA5F-A8A35FD68FBF}.Release|Any CPU.Build.0 = Release|Any CPU
		{DB0E2BC6-B0F3-4F39-BA5F-A8A35FD68FBF}.Release|ARM.ActiveCfg = Release|Any CPU
		{DB0E2BC6-B0F3-4F39-BA5F-A8A35FD68FBF}.Release|ARM.Build.0 = Release|Any CPU
		{DB0E2BC6-B0F3-4F39-BA5F-A8A35FD68FBF}.Release|iPhone.ActiveCfg = Release|Any CPU
		{DB0E2BC6-B0F3-4F39-BA5F-A8A35FD68FBF}.Release|iPhone.Build.0 = Release|Any CPU
		{DB0E2BC6-B0F3-4F39-BA5F-A8A35FD68FBF}.Release|iPhoneSimulator.ActiveCfg = Release|Any CPU
		{DB0E2BC6-B0F3-4F39-BA5F-A8A35FD68FBF}.Release|iPhoneSimulator.Build.0 = Release|Any CPU
		{DB0E2BC6-B0F3-4F39-BA5F-A8A35FD68FBF}.Release|x64.ActiveCfg = Release|Any CPU
		{DB0E2BC6-B0F3-4F39-BA5F-A8A35FD68FBF}.Release|x64.Build.0 = Release|Any CPU
		{DB0E2BC6-B0F3-4F39-BA5F-A8A35FD68FBF}.Release|x86.ActiveCfg = Release|Any CPU
		{DB0E2BC6-B0F3-4F39-BA5F-A8A35FD68FBF}.Release|x86.Build.0 = Release|Any CPU
		{7C9583F8-64DB-4A67-9A8B-41C70BBBA51B}.Ad-Hoc|Any CPU.ActiveCfg = Release|Any CPU
		{7C9583F8-64DB-4A67-9A8B-41C70BBBA51B}.Ad-Hoc|Any CPU.Build.0 = Release|Any CPU
		{7C9583F8-64DB-4A67-9A8B-41C70BBBA51B}.Ad-Hoc|Any CPU.Deploy.0 = Release|Any CPU
		{7C9583F8-64DB-4A67-9A8B-41C70BBBA51B}.Ad-Hoc|ARM.ActiveCfg = Release|Any CPU
		{7C9583F8-64DB-4A67-9A8B-41C70BBBA51B}.Ad-Hoc|ARM.Build.0 = Release|Any CPU
		{7C9583F8-64DB-4A67-9A8B-41C70BBBA51B}.Ad-Hoc|ARM.Deploy.0 = Release|Any CPU
		{7C9583F8-64DB-4A67-9A8B-41C70BBBA51B}.Ad-Hoc|iPhone.ActiveCfg = Release|Any CPU
		{7C9583F8-64DB-4A67-9A8B-41C70BBBA51B}.Ad-Hoc|iPhone.Build.0 = Release|Any CPU
		{7C9583F8-64DB-4A67-9A8B-41C70BBBA51B}.Ad-Hoc|iPhone.Deploy.0 = Release|Any CPU
		{7C9583F8-64DB-4A67-9A8B-41C70BBBA51B}.Ad-Hoc|iPhoneSimulator.ActiveCfg = Release|Any CPU
		{7C9583F8-64DB-4A67-9A8B-41C70BBBA51B}.Ad-Hoc|iPhoneSimulator.Build.0 = Release|Any CPU
		{7C9583F8-64DB-4A67-9A8B-41C70BBBA51B}.Ad-Hoc|iPhoneSimulator.Deploy.0 = Release|Any CPU
		{7C9583F8-64DB-4A67-9A8B-41C70BBBA51B}.Ad-Hoc|x64.ActiveCfg = Release|Any CPU
		{7C9583F8-64DB-4A67-9A8B-41C70BBBA51B}.Ad-Hoc|x64.Build.0 = Release|Any CPU
		{7C9583F8-64DB-4A67-9A8B-41C70BBBA51B}.Ad-Hoc|x64.Deploy.0 = Release|Any CPU
		{7C9583F8-64DB-4A67-9A8B-41C70BBBA51B}.Ad-Hoc|x86.ActiveCfg = Release|Any CPU
		{7C9583F8-64DB-4A67-9A8B-41C70BBBA51B}.Ad-Hoc|x86.Build.0 = Release|Any CPU
		{7C9583F8-64DB-4A67-9A8B-41C70BBBA51B}.Ad-Hoc|x86.Deploy.0 = Release|Any CPU
		{7C9583F8-64DB-4A67-9A8B-41C70BBBA51B}.AppStore|Any CPU.ActiveCfg = Release|Any CPU
		{7C9583F8-64DB-4A67-9A8B-41C70BBBA51B}.AppStore|Any CPU.Build.0 = Release|Any CPU
		{7C9583F8-64DB-4A67-9A8B-41C70BBBA51B}.AppStore|Any CPU.Deploy.0 = Release|Any CPU
		{7C9583F8-64DB-4A67-9A8B-41C70BBBA51B}.AppStore|ARM.ActiveCfg = Release|Any CPU
		{7C9583F8-64DB-4A67-9A8B-41C70BBBA51B}.AppStore|ARM.Build.0 = Release|Any CPU
		{7C9583F8-64DB-4A67-9A8B-41C70BBBA51B}.AppStore|ARM.Deploy.0 = Release|Any CPU
		{7C9583F8-64DB-4A67-9A8B-41C70BBBA51B}.AppStore|iPhone.ActiveCfg = Release|Any CPU
		{7C9583F8-64DB-4A67-9A8B-41C70BBBA51B}.AppStore|iPhone.Build.0 = Release|Any CPU
		{7C9583F8-64DB-4A67-9A8B-41C70BBBA51B}.AppStore|iPhone.Deploy.0 = Release|Any CPU
		{7C9583F8-64DB-4A67-9A8B-41C70BBBA51B}.AppStore|iPhoneSimulator.ActiveCfg = Release|Any CPU
		{7C9583F8-64DB-4A67-9A8B-41C70BBBA51B}.AppStore|iPhoneSimulator.Build.0 = Release|Any CPU
		{7C9583F8-64DB-4A67-9A8B-41C70BBBA51B}.AppStore|iPhoneSimulator.Deploy.0 = Release|Any CPU
		{7C9583F8-64DB-4A67-9A8B-41C70BBBA51B}.AppStore|x64.ActiveCfg = Release|Any CPU
		{7C9583F8-64DB-4A67-9A8B-41C70BBBA51B}.AppStore|x64.Build.0 = Release|Any CPU
		{7C9583F8-64DB-4A67-9A8B-41C70BBBA51B}.AppStore|x64.Deploy.0 = Release|Any CPU
		{7C9583F8-64DB-4A67-9A8B-41C70BBBA51B}.AppStore|x86.ActiveCfg = Release|Any CPU
		{7C9583F8-64DB-4A67-9A8B-41C70BBBA51B}.AppStore|x86.Build.0 = Release|Any CPU
		{7C9583F8-64DB-4A67-9A8B-41C70BBBA51B}.AppStore|x86.Deploy.0 = Release|Any CPU
		{7C9583F8-64DB-4A67-9A8B-41C70BBBA51B}.Debug|Any CPU.ActiveCfg = Debug|Any CPU
		{7C9583F8-64DB-4A67-9A8B-41C70BBBA51B}.Debug|Any CPU.Build.0 = Debug|Any CPU
		{7C9583F8-64DB-4A67-9A8B-41C70BBBA51B}.Debug|Any CPU.Deploy.0 = Debug|Any CPU
		{7C9583F8-64DB-4A67-9A8B-41C70BBBA51B}.Debug|ARM.ActiveCfg = Debug|Any CPU
		{7C9583F8-64DB-4A67-9A8B-41C70BBBA51B}.Debug|ARM.Build.0 = Debug|Any CPU
		{7C9583F8-64DB-4A67-9A8B-41C70BBBA51B}.Debug|ARM.Deploy.0 = Debug|Any CPU
		{7C9583F8-64DB-4A67-9A8B-41C70BBBA51B}.Debug|iPhone.ActiveCfg = Debug|Any CPU
		{7C9583F8-64DB-4A67-9A8B-41C70BBBA51B}.Debug|iPhone.Build.0 = Debug|Any CPU
		{7C9583F8-64DB-4A67-9A8B-41C70BBBA51B}.Debug|iPhone.Deploy.0 = Debug|Any CPU
		{7C9583F8-64DB-4A67-9A8B-41C70BBBA51B}.Debug|iPhoneSimulator.ActiveCfg = Debug|Any CPU
		{7C9583F8-64DB-4A67-9A8B-41C70BBBA51B}.Debug|iPhoneSimulator.Build.0 = Debug|Any CPU
		{7C9583F8-64DB-4A67-9A8B-41C70BBBA51B}.Debug|iPhoneSimulator.Deploy.0 = Debug|Any CPU
		{7C9583F8-64DB-4A67-9A8B-41C70BBBA51B}.Debug|x64.ActiveCfg = Debug|Any CPU
		{7C9583F8-64DB-4A67-9A8B-41C70BBBA51B}.Debug|x64.Build.0 = Debug|Any CPU
		{7C9583F8-64DB-4A67-9A8B-41C70BBBA51B}.Debug|x64.Deploy.0 = Debug|Any CPU
		{7C9583F8-64DB-4A67-9A8B-41C70BBBA51B}.Debug|x86.ActiveCfg = Debug|Any CPU
		{7C9583F8-64DB-4A67-9A8B-41C70BBBA51B}.Debug|x86.Build.0 = Debug|Any CPU
		{7C9583F8-64DB-4A67-9A8B-41C70BBBA51B}.Debug|x86.Deploy.0 = Debug|Any CPU
		{7C9583F8-64DB-4A67-9A8B-41C70BBBA51B}.Release|Any CPU.ActiveCfg = Release|Any CPU
		{7C9583F8-64DB-4A67-9A8B-41C70BBBA51B}.Release|Any CPU.Build.0 = Release|Any CPU
		{7C9583F8-64DB-4A67-9A8B-41C70BBBA51B}.Release|Any CPU.Deploy.0 = Release|Any CPU
		{7C9583F8-64DB-4A67-9A8B-41C70BBBA51B}.Release|ARM.ActiveCfg = Release|Any CPU
		{7C9583F8-64DB-4A67-9A8B-41C70BBBA51B}.Release|ARM.Build.0 = Release|Any CPU
		{7C9583F8-64DB-4A67-9A8B-41C70BBBA51B}.Release|ARM.Deploy.0 = Release|Any CPU
		{7C9583F8-64DB-4A67-9A8B-41C70BBBA51B}.Release|iPhone.ActiveCfg = Release|Any CPU
		{7C9583F8-64DB-4A67-9A8B-41C70BBBA51B}.Release|iPhone.Build.0 = Release|Any CPU
		{7C9583F8-64DB-4A67-9A8B-41C70BBBA51B}.Release|iPhone.Deploy.0 = Release|Any CPU
		{7C9583F8-64DB-4A67-9A8B-41C70BBBA51B}.Release|iPhoneSimulator.ActiveCfg = Release|Any CPU
		{7C9583F8-64DB-4A67-9A8B-41C70BBBA51B}.Release|iPhoneSimulator.Build.0 = Release|Any CPU
		{7C9583F8-64DB-4A67-9A8B-41C70BBBA51B}.Release|iPhoneSimulator.Deploy.0 = Release|Any CPU
		{7C9583F8-64DB-4A67-9A8B-41C70BBBA51B}.Release|x64.ActiveCfg = Release|Any CPU
		{7C9583F8-64DB-4A67-9A8B-41C70BBBA51B}.Release|x64.Build.0 = Release|Any CPU
		{7C9583F8-64DB-4A67-9A8B-41C70BBBA51B}.Release|x64.Deploy.0 = Release|Any CPU
		{7C9583F8-64DB-4A67-9A8B-41C70BBBA51B}.Release|x86.ActiveCfg = Release|Any CPU
		{7C9583F8-64DB-4A67-9A8B-41C70BBBA51B}.Release|x86.Build.0 = Release|Any CPU
		{7C9583F8-64DB-4A67-9A8B-41C70BBBA51B}.Release|x86.Deploy.0 = Release|Any CPU
		{FD81445F-FA85-4372-9528-A63440BFB163}.Ad-Hoc|Any CPU.ActiveCfg = Ad-Hoc|iPhone
		{FD81445F-FA85-4372-9528-A63440BFB163}.Ad-Hoc|ARM.ActiveCfg = Ad-Hoc|iPhone
		{FD81445F-FA85-4372-9528-A63440BFB163}.Ad-Hoc|iPhone.ActiveCfg = Ad-Hoc|iPhone
		{FD81445F-FA85-4372-9528-A63440BFB163}.Ad-Hoc|iPhone.Build.0 = Ad-Hoc|iPhone
		{FD81445F-FA85-4372-9528-A63440BFB163}.Ad-Hoc|iPhoneSimulator.ActiveCfg = Ad-Hoc|iPhoneSimulator
		{FD81445F-FA85-4372-9528-A63440BFB163}.Ad-Hoc|iPhoneSimulator.Build.0 = Ad-Hoc|iPhoneSimulator
		{FD81445F-FA85-4372-9528-A63440BFB163}.Ad-Hoc|x64.ActiveCfg = Ad-Hoc|iPhone
		{FD81445F-FA85-4372-9528-A63440BFB163}.Ad-Hoc|x86.ActiveCfg = Ad-Hoc|iPhone
		{FD81445F-FA85-4372-9528-A63440BFB163}.AppStore|Any CPU.ActiveCfg = AppStore|iPhone
		{FD81445F-FA85-4372-9528-A63440BFB163}.AppStore|ARM.ActiveCfg = AppStore|iPhone
		{FD81445F-FA85-4372-9528-A63440BFB163}.AppStore|iPhone.ActiveCfg = AppStore|iPhone
		{FD81445F-FA85-4372-9528-A63440BFB163}.AppStore|iPhone.Build.0 = AppStore|iPhone
		{FD81445F-FA85-4372-9528-A63440BFB163}.AppStore|iPhoneSimulator.ActiveCfg = AppStore|iPhoneSimulator
		{FD81445F-FA85-4372-9528-A63440BFB163}.AppStore|iPhoneSimulator.Build.0 = AppStore|iPhoneSimulator
		{FD81445F-FA85-4372-9528-A63440BFB163}.AppStore|x64.ActiveCfg = AppStore|iPhone
		{FD81445F-FA85-4372-9528-A63440BFB163}.AppStore|x86.ActiveCfg = AppStore|iPhone
		{FD81445F-FA85-4372-9528-A63440BFB163}.Debug|Any CPU.ActiveCfg = Debug|iPhone
		{FD81445F-FA85-4372-9528-A63440BFB163}.Debug|ARM.ActiveCfg = Debug|iPhone
		{FD81445F-FA85-4372-9528-A63440BFB163}.Debug|iPhone.ActiveCfg = Debug|iPhone
		{FD81445F-FA85-4372-9528-A63440BFB163}.Debug|iPhone.Build.0 = Debug|iPhone
		{FD81445F-FA85-4372-9528-A63440BFB163}.Debug|iPhoneSimulator.ActiveCfg = Debug|iPhoneSimulator
		{FD81445F-FA85-4372-9528-A63440BFB163}.Debug|iPhoneSimulator.Build.0 = Debug|iPhoneSimulator
		{FD81445F-FA85-4372-9528-A63440BFB163}.Debug|x64.ActiveCfg = Debug|iPhone
		{FD81445F-FA85-4372-9528-A63440BFB163}.Debug|x86.ActiveCfg = Debug|iPhone
		{FD81445F-FA85-4372-9528-A63440BFB163}.Release|Any CPU.ActiveCfg = Release|iPhone
		{FD81445F-FA85-4372-9528-A63440BFB163}.Release|ARM.ActiveCfg = Release|iPhone
		{FD81445F-FA85-4372-9528-A63440BFB163}.Release|iPhone.ActiveCfg = Release|iPhone
		{FD81445F-FA85-4372-9528-A63440BFB163}.Release|iPhone.Build.0 = Release|iPhone
		{FD81445F-FA85-4372-9528-A63440BFB163}.Release|iPhoneSimulator.ActiveCfg = Release|iPhoneSimulator
		{FD81445F-FA85-4372-9528-A63440BFB163}.Release|iPhoneSimulator.Build.0 = Release|iPhoneSimulator
		{FD81445F-FA85-4372-9528-A63440BFB163}.Release|x64.ActiveCfg = Release|iPhone
		{FD81445F-FA85-4372-9528-A63440BFB163}.Release|x86.ActiveCfg = Release|iPhone
		{24D594B6-6AF4-4047-B74A-EE17EC857796}.Ad-Hoc|Any CPU.ActiveCfg = Release|x86
		{24D594B6-6AF4-4047-B74A-EE17EC857796}.Ad-Hoc|Any CPU.Build.0 = Release|x86
		{24D594B6-6AF4-4047-B74A-EE17EC857796}.Ad-Hoc|Any CPU.Deploy.0 = Release|x86
		{24D594B6-6AF4-4047-B74A-EE17EC857796}.Ad-Hoc|ARM.ActiveCfg = Release|ARM
		{24D594B6-6AF4-4047-B74A-EE17EC857796}.Ad-Hoc|ARM.Build.0 = Release|ARM
		{24D594B6-6AF4-4047-B74A-EE17EC857796}.Ad-Hoc|ARM.Deploy.0 = Release|ARM
		{24D594B6-6AF4-4047-B74A-EE17EC857796}.Ad-Hoc|iPhone.ActiveCfg = Release|x86
		{24D594B6-6AF4-4047-B74A-EE17EC857796}.Ad-Hoc|iPhone.Build.0 = Release|x86
		{24D594B6-6AF4-4047-B74A-EE17EC857796}.Ad-Hoc|iPhone.Deploy.0 = Release|x86
		{24D594B6-6AF4-4047-B74A-EE17EC857796}.Ad-Hoc|iPhoneSimulator.ActiveCfg = Release|x86
		{24D594B6-6AF4-4047-B74A-EE17EC857796}.Ad-Hoc|iPhoneSimulator.Build.0 = Release|x86
		{24D594B6-6AF4-4047-B74A-EE17EC857796}.Ad-Hoc|iPhoneSimulator.Deploy.0 = Release|x86
		{24D594B6-6AF4-4047-B74A-EE17EC857796}.Ad-Hoc|x64.ActiveCfg = Release|x64
		{24D594B6-6AF4-4047-B74A-EE17EC857796}.Ad-Hoc|x64.Build.0 = Release|x64
		{24D594B6-6AF4-4047-B74A-EE17EC857796}.Ad-Hoc|x64.Deploy.0 = Release|x64
		{24D594B6-6AF4-4047-B74A-EE17EC857796}.Ad-Hoc|x86.ActiveCfg = Release|x86
		{24D594B6-6AF4-4047-B74A-EE17EC857796}.Ad-Hoc|x86.Build.0 = Release|x86
		{24D594B6-6AF4-4047-B74A-EE17EC857796}.Ad-Hoc|x86.Deploy.0 = Release|x86
		{24D594B6-6AF4-4047-B74A-EE17EC857796}.AppStore|Any CPU.ActiveCfg = Release|x86
		{24D594B6-6AF4-4047-B74A-EE17EC857796}.AppStore|Any CPU.Build.0 = Release|x86
		{24D594B6-6AF4-4047-B74A-EE17EC857796}.AppStore|Any CPU.Deploy.0 = Release|x86
		{24D594B6-6AF4-4047-B74A-EE17EC857796}.AppStore|ARM.ActiveCfg = Release|ARM
		{24D594B6-6AF4-4047-B74A-EE17EC857796}.AppStore|ARM.Build.0 = Release|ARM
		{24D594B6-6AF4-4047-B74A-EE17EC857796}.AppStore|ARM.Deploy.0 = Release|ARM
		{24D594B6-6AF4-4047-B74A-EE17EC857796}.AppStore|iPhone.ActiveCfg = Release|x86
		{24D594B6-6AF4-4047-B74A-EE17EC857796}.AppStore|iPhone.Build.0 = Release|x86
		{24D594B6-6AF4-4047-B74A-EE17EC857796}.AppStore|iPhone.Deploy.0 = Release|x86
		{24D594B6-6AF4-4047-B74A-EE17EC857796}.AppStore|iPhoneSimulator.ActiveCfg = Release|x86
		{24D594B6-6AF4-4047-B74A-EE17EC857796}.AppStore|iPhoneSimulator.Build.0 = Release|x86
		{24D594B6-6AF4-4047-B74A-EE17EC857796}.AppStore|iPhoneSimulator.Deploy.0 = Release|x86
		{24D594B6-6AF4-4047-B74A-EE17EC857796}.AppStore|x64.ActiveCfg = Release|x64
		{24D594B6-6AF4-4047-B74A-EE17EC857796}.AppStore|x64.Build.0 = Release|x64
		{24D594B6-6AF4-4047-B74A-EE17EC857796}.AppStore|x64.Deploy.0 = Release|x64
		{24D594B6-6AF4-4047-B74A-EE17EC857796}.AppStore|x86.ActiveCfg = Release|x86
		{24D594B6-6AF4-4047-B74A-EE17EC857796}.AppStore|x86.Build.0 = Release|x86
		{24D594B6-6AF4-4047-B74A-EE17EC857796}.AppStore|x86.Deploy.0 = Release|x86
		{24D594B6-6AF4-4047-B74A-EE17EC857796}.Debug|Any CPU.ActiveCfg = Debug|x86
		{24D594B6-6AF4-4047-B74A-EE17EC857796}.Debug|ARM.ActiveCfg = Debug|ARM
		{24D594B6-6AF4-4047-B74A-EE17EC857796}.Debug|ARM.Build.0 = Debug|ARM
		{24D594B6-6AF4-4047-B74A-EE17EC857796}.Debug|ARM.Deploy.0 = Debug|ARM
		{24D594B6-6AF4-4047-B74A-EE17EC857796}.Debug|iPhone.ActiveCfg = Debug|x86
		{24D594B6-6AF4-4047-B74A-EE17EC857796}.Debug|iPhoneSimulator.ActiveCfg = Debug|x86
		{24D594B6-6AF4-4047-B74A-EE17EC857796}.Debug|x64.ActiveCfg = Debug|x64
		{24D594B6-6AF4-4047-B74A-EE17EC857796}.Debug|x64.Build.0 = Debug|x64
		{24D594B6-6AF4-4047-B74A-EE17EC857796}.Debug|x64.Deploy.0 = Debug|x64
		{24D594B6-6AF4-4047-B74A-EE17EC857796}.Debug|x86.ActiveCfg = Debug|x86
		{24D594B6-6AF4-4047-B74A-EE17EC857796}.Debug|x86.Build.0 = Debug|x86
		{24D594B6-6AF4-4047-B74A-EE17EC857796}.Debug|x86.Deploy.0 = Debug|x86
		{24D594B6-6AF4-4047-B74A-EE17EC857796}.Release|Any CPU.ActiveCfg = Release|x86
		{24D594B6-6AF4-4047-B74A-EE17EC857796}.Release|ARM.ActiveCfg = Release|ARM
		{24D594B6-6AF4-4047-B74A-EE17EC857796}.Release|ARM.Build.0 = Release|ARM
		{24D594B6-6AF4-4047-B74A-EE17EC857796}.Release|ARM.Deploy.0 = Release|ARM
		{24D594B6-6AF4-4047-B74A-EE17EC857796}.Release|iPhone.ActiveCfg = Release|x86
		{24D594B6-6AF4-4047-B74A-EE17EC857796}.Release|iPhoneSimulator.ActiveCfg = Release|x86
		{24D594B6-6AF4-4047-B74A-EE17EC857796}.Release|x64.ActiveCfg = Release|x64
		{24D594B6-6AF4-4047-B74A-EE17EC857796}.Release|x64.Build.0 = Release|x64
		{24D594B6-6AF4-4047-B74A-EE17EC857796}.Release|x64.Deploy.0 = Release|x64
		{24D594B6-6AF4-4047-B74A-EE17EC857796}.Release|x86.ActiveCfg = Release|x86
		{24D594B6-6AF4-4047-B74A-EE17EC857796}.Release|x86.Build.0 = Release|x86
		{24D594B6-6AF4-4047-B74A-EE17EC857796}.Release|x86.Deploy.0 = Release|x86
		{0F81AF50-3B71-4697-AAEF-C821B5CEBEA3}.Ad-Hoc|Any CPU.ActiveCfg = Debug|Any CPU
		{0F81AF50-3B71-4697-AAEF-C821B5CEBEA3}.Ad-Hoc|Any CPU.Build.0 = Debug|Any CPU
		{0F81AF50-3B71-4697-AAEF-C821B5CEBEA3}.Ad-Hoc|ARM.ActiveCfg = Debug|Any CPU
		{0F81AF50-3B71-4697-AAEF-C821B5CEBEA3}.Ad-Hoc|ARM.Build.0 = Debug|Any CPU
		{0F81AF50-3B71-4697-AAEF-C821B5CEBEA3}.Ad-Hoc|iPhone.ActiveCfg = Debug|Any CPU
		{0F81AF50-3B71-4697-AAEF-C821B5CEBEA3}.Ad-Hoc|iPhone.Build.0 = Debug|Any CPU
		{0F81AF50-3B71-4697-AAEF-C821B5CEBEA3}.Ad-Hoc|iPhoneSimulator.ActiveCfg = Debug|Any CPU
		{0F81AF50-3B71-4697-AAEF-C821B5CEBEA3}.Ad-Hoc|iPhoneSimulator.Build.0 = Debug|Any CPU
		{0F81AF50-3B71-4697-AAEF-C821B5CEBEA3}.Ad-Hoc|x64.ActiveCfg = Debug|Any CPU
		{0F81AF50-3B71-4697-AAEF-C821B5CEBEA3}.Ad-Hoc|x64.Build.0 = Debug|Any CPU
		{0F81AF50-3B71-4697-AAEF-C821B5CEBEA3}.Ad-Hoc|x86.ActiveCfg = Debug|Any CPU
		{0F81AF50-3B71-4697-AAEF-C821B5CEBEA3}.Ad-Hoc|x86.Build.0 = Debug|Any CPU
		{0F81AF50-3B71-4697-AAEF-C821B5CEBEA3}.AppStore|Any CPU.ActiveCfg = Debug|Any CPU
		{0F81AF50-3B71-4697-AAEF-C821B5CEBEA3}.AppStore|Any CPU.Build.0 = Debug|Any CPU
		{0F81AF50-3B71-4697-AAEF-C821B5CEBEA3}.AppStore|ARM.ActiveCfg = Debug|Any CPU
		{0F81AF50-3B71-4697-AAEF-C821B5CEBEA3}.AppStore|ARM.Build.0 = Debug|Any CPU
		{0F81AF50-3B71-4697-AAEF-C821B5CEBEA3}.AppStore|iPhone.ActiveCfg = Debug|Any CPU
		{0F81AF50-3B71-4697-AAEF-C821B5CEBEA3}.AppStore|iPhone.Build.0 = Debug|Any CPU
		{0F81AF50-3B71-4697-AAEF-C821B5CEBEA3}.AppStore|iPhoneSimulator.ActiveCfg = Debug|Any CPU
		{0F81AF50-3B71-4697-AAEF-C821B5CEBEA3}.AppStore|iPhoneSimulator.Build.0 = Debug|Any CPU
		{0F81AF50-3B71-4697-AAEF-C821B5CEBEA3}.AppStore|x64.ActiveCfg = Debug|Any CPU
		{0F81AF50-3B71-4697-AAEF-C821B5CEBEA3}.AppStore|x64.Build.0 = Debug|Any CPU
		{0F81AF50-3B71-4697-AAEF-C821B5CEBEA3}.AppStore|x86.ActiveCfg = Debug|Any CPU
		{0F81AF50-3B71-4697-AAEF-C821B5CEBEA3}.AppStore|x86.Build.0 = Debug|Any CPU
		{0F81AF50-3B71-4697-AAEF-C821B5CEBEA3}.Debug|Any CPU.ActiveCfg = Debug|Any CPU
		{0F81AF50-3B71-4697-AAEF-C821B5CEBEA3}.Debug|Any CPU.Build.0 = Debug|Any CPU
		{0F81AF50-3B71-4697-AAEF-C821B5CEBEA3}.Debug|ARM.ActiveCfg = Debug|Any CPU
		{0F81AF50-3B71-4697-AAEF-C821B5CEBEA3}.Debug|ARM.Build.0 = Debug|Any CPU
		{0F81AF50-3B71-4697-AAEF-C821B5CEBEA3}.Debug|iPhone.ActiveCfg = Debug|Any CPU
		{0F81AF50-3B71-4697-AAEF-C821B5CEBEA3}.Debug|iPhone.Build.0 = Debug|Any CPU
		{0F81AF50-3B71-4697-AAEF-C821B5CEBEA3}.Debug|iPhoneSimulator.ActiveCfg = Debug|Any CPU
		{0F81AF50-3B71-4697-AAEF-C821B5CEBEA3}.Debug|iPhoneSimulator.Build.0 = Debug|Any CPU
		{0F81AF50-3B71-4697-AAEF-C821B5CEBEA3}.Debug|x64.ActiveCfg = Debug|Any CPU
		{0F81AF50-3B71-4697-AAEF-C821B5CEBEA3}.Debug|x64.Build.0 = Debug|Any CPU
		{0F81AF50-3B71-4697-AAEF-C821B5CEBEA3}.Debug|x86.ActiveCfg = Debug|Any CPU
		{0F81AF50-3B71-4697-AAEF-C821B5CEBEA3}.Debug|x86.Build.0 = Debug|Any CPU
		{0F81AF50-3B71-4697-AAEF-C821B5CEBEA3}.Release|Any CPU.ActiveCfg = Release|Any CPU
		{0F81AF50-3B71-4697-AAEF-C821B5CEBEA3}.Release|Any CPU.Build.0 = Release|Any CPU
		{0F81AF50-3B71-4697-AAEF-C821B5CEBEA3}.Release|ARM.ActiveCfg = Release|Any CPU
		{0F81AF50-3B71-4697-AAEF-C821B5CEBEA3}.Release|ARM.Build.0 = Release|Any CPU
		{0F81AF50-3B71-4697-AAEF-C821B5CEBEA3}.Release|iPhone.ActiveCfg = Release|Any CPU
		{0F81AF50-3B71-4697-AAEF-C821B5CEBEA3}.Release|iPhone.Build.0 = Release|Any CPU
		{0F81AF50-3B71-4697-AAEF-C821B5CEBEA3}.Release|iPhoneSimulator.ActiveCfg = Release|Any CPU
		{0F81AF50-3B71-4697-AAEF-C821B5CEBEA3}.Release|iPhoneSimulator.Build.0 = Release|Any CPU
		{0F81AF50-3B71-4697-AAEF-C821B5CEBEA3}.Release|x64.ActiveCfg = Release|Any CPU
		{0F81AF50-3B71-4697-AAEF-C821B5CEBEA3}.Release|x64.Build.0 = Release|Any CPU
		{0F81AF50-3B71-4697-AAEF-C821B5CEBEA3}.Release|x86.ActiveCfg = Release|Any CPU
		{0F81AF50-3B71-4697-AAEF-C821B5CEBEA3}.Release|x86.Build.0 = Release|Any CPU
		{3D5FAC95-93FD-4295-ACF4-7F74F1BB3B4E}.Ad-Hoc|Any CPU.ActiveCfg = Debug|Any CPU
		{3D5FAC95-93FD-4295-ACF4-7F74F1BB3B4E}.Ad-Hoc|Any CPU.Build.0 = Debug|Any CPU
		{3D5FAC95-93FD-4295-ACF4-7F74F1BB3B4E}.Ad-Hoc|ARM.ActiveCfg = Debug|Any CPU
		{3D5FAC95-93FD-4295-ACF4-7F74F1BB3B4E}.Ad-Hoc|ARM.Build.0 = Debug|Any CPU
		{3D5FAC95-93FD-4295-ACF4-7F74F1BB3B4E}.Ad-Hoc|iPhone.ActiveCfg = Debug|Any CPU
		{3D5FAC95-93FD-4295-ACF4-7F74F1BB3B4E}.Ad-Hoc|iPhone.Build.0 = Debug|Any CPU
		{3D5FAC95-93FD-4295-ACF4-7F74F1BB3B4E}.Ad-Hoc|iPhoneSimulator.ActiveCfg = Debug|Any CPU
		{3D5FAC95-93FD-4295-ACF4-7F74F1BB3B4E}.Ad-Hoc|iPhoneSimulator.Build.0 = Debug|Any CPU
		{3D5FAC95-93FD-4295-ACF4-7F74F1BB3B4E}.Ad-Hoc|x64.ActiveCfg = Debug|Any CPU
		{3D5FAC95-93FD-4295-ACF4-7F74F1BB3B4E}.Ad-Hoc|x64.Build.0 = Debug|Any CPU
		{3D5FAC95-93FD-4295-ACF4-7F74F1BB3B4E}.Ad-Hoc|x86.ActiveCfg = Debug|Any CPU
		{3D5FAC95-93FD-4295-ACF4-7F74F1BB3B4E}.Ad-Hoc|x86.Build.0 = Debug|Any CPU
		{3D5FAC95-93FD-4295-ACF4-7F74F1BB3B4E}.AppStore|Any CPU.ActiveCfg = Debug|Any CPU
		{3D5FAC95-93FD-4295-ACF4-7F74F1BB3B4E}.AppStore|Any CPU.Build.0 = Debug|Any CPU
		{3D5FAC95-93FD-4295-ACF4-7F74F1BB3B4E}.AppStore|ARM.ActiveCfg = Debug|Any CPU
		{3D5FAC95-93FD-4295-ACF4-7F74F1BB3B4E}.AppStore|ARM.Build.0 = Debug|Any CPU
		{3D5FAC95-93FD-4295-ACF4-7F74F1BB3B4E}.AppStore|iPhone.ActiveCfg = Debug|Any CPU
		{3D5FAC95-93FD-4295-ACF4-7F74F1BB3B4E}.AppStore|iPhone.Build.0 = Debug|Any CPU
		{3D5FAC95-93FD-4295-ACF4-7F74F1BB3B4E}.AppStore|iPhoneSimulator.ActiveCfg = Debug|Any CPU
		{3D5FAC95-93FD-4295-ACF4-7F74F1BB3B4E}.AppStore|iPhoneSimulator.Build.0 = Debug|Any CPU
		{3D5FAC95-93FD-4295-ACF4-7F74F1BB3B4E}.AppStore|x64.ActiveCfg = Debug|Any CPU
		{3D5FAC95-93FD-4295-ACF4-7F74F1BB3B4E}.AppStore|x64.Build.0 = Debug|Any CPU
		{3D5FAC95-93FD-4295-ACF4-7F74F1BB3B4E}.AppStore|x86.ActiveCfg = Debug|Any CPU
		{3D5FAC95-93FD-4295-ACF4-7F74F1BB3B4E}.AppStore|x86.Build.0 = Debug|Any CPU
		{3D5FAC95-93FD-4295-ACF4-7F74F1BB3B4E}.Debug|Any CPU.ActiveCfg = Debug|Any CPU
		{3D5FAC95-93FD-4295-ACF4-7F74F1BB3B4E}.Debug|Any CPU.Build.0 = Debug|Any CPU
		{3D5FAC95-93FD-4295-ACF4-7F74F1BB3B4E}.Debug|ARM.ActiveCfg = Debug|Any CPU
		{3D5FAC95-93FD-4295-ACF4-7F74F1BB3B4E}.Debug|ARM.Build.0 = Debug|Any CPU
		{3D5FAC95-93FD-4295-ACF4-7F74F1BB3B4E}.Debug|iPhone.ActiveCfg = Debug|Any CPU
		{3D5FAC95-93FD-4295-ACF4-7F74F1BB3B4E}.Debug|iPhone.Build.0 = Debug|Any CPU
		{3D5FAC95-93FD-4295-ACF4-7F74F1BB3B4E}.Debug|iPhoneSimulator.ActiveCfg = Debug|Any CPU
		{3D5FAC95-93FD-4295-ACF4-7F74F1BB3B4E}.Debug|iPhoneSimulator.Build.0 = Debug|Any CPU
		{3D5FAC95-93FD-4295-ACF4-7F74F1BB3B4E}.Debug|x64.ActiveCfg = Debug|Any CPU
		{3D5FAC95-93FD-4295-ACF4-7F74F1BB3B4E}.Debug|x64.Build.0 = Debug|Any CPU
		{3D5FAC95-93FD-4295-ACF4-7F74F1BB3B4E}.Debug|x86.ActiveCfg = Debug|Any CPU
		{3D5FAC95-93FD-4295-ACF4-7F74F1BB3B4E}.Debug|x86.Build.0 = Debug|Any CPU
		{3D5FAC95-93FD-4295-ACF4-7F74F1BB3B4E}.Release|Any CPU.ActiveCfg = Release|Any CPU
		{3D5FAC95-93FD-4295-ACF4-7F74F1BB3B4E}.Release|Any CPU.Build.0 = Release|Any CPU
		{3D5FAC95-93FD-4295-ACF4-7F74F1BB3B4E}.Release|ARM.ActiveCfg = Release|Any CPU
		{3D5FAC95-93FD-4295-ACF4-7F74F1BB3B4E}.Release|ARM.Build.0 = Release|Any CPU
		{3D5FAC95-93FD-4295-ACF4-7F74F1BB3B4E}.Release|iPhone.ActiveCfg = Release|Any CPU
		{3D5FAC95-93FD-4295-ACF4-7F74F1BB3B4E}.Release|iPhone.Build.0 = Release|Any CPU
		{3D5FAC95-93FD-4295-ACF4-7F74F1BB3B4E}.Release|iPhoneSimulator.ActiveCfg = Release|Any CPU
		{3D5FAC95-93FD-4295-ACF4-7F74F1BB3B4E}.Release|iPhoneSimulator.Build.0 = Release|Any CPU
		{3D5FAC95-93FD-4295-ACF4-7F74F1BB3B4E}.Release|x64.ActiveCfg = Release|Any CPU
		{3D5FAC95-93FD-4295-ACF4-7F74F1BB3B4E}.Release|x64.Build.0 = Release|Any CPU
		{3D5FAC95-93FD-4295-ACF4-7F74F1BB3B4E}.Release|x86.ActiveCfg = Release|Any CPU
		{3D5FAC95-93FD-4295-ACF4-7F74F1BB3B4E}.Release|x86.Build.0 = Release|Any CPU
	EndGlobalSection
	GlobalSection(SolutionProperties) = preSolution
		HideSolutionNode = FALSE
	EndGlobalSection
	GlobalSection(NestedProjects) = preSolution
		{031999E9-E0F2-400E-8E82-026D2206914E} = {9DE35E6B-956F-45AB-8651-1F3154870A2F}
		{692C5016-356C-4FB0-AD7C-4B9801D14BBB} = {9DE35E6B-956F-45AB-8651-1F3154870A2F}
		{7C9583F8-64DB-4A67-9A8B-41C70BBBA51B} = {564BDEB9-B245-4784-91E7-F7AFA45589DD}
		{FD81445F-FA85-4372-9528-A63440BFB163} = {564BDEB9-B245-4784-91E7-F7AFA45589DD}
		{24D594B6-6AF4-4047-B74A-EE17EC857796} = {564BDEB9-B245-4784-91E7-F7AFA45589DD}
		{0F81AF50-3B71-4697-AAEF-C821B5CEBEA3} = {564BDEB9-B245-4784-91E7-F7AFA45589DD}
	EndGlobalSection
	GlobalSection(ExtensibilityGlobals) = postSolution
		SolutionGuid = {AB840091-D875-424D-B747-09A13EF7D28A}
	EndGlobalSection
EndGlobal
